
Microsoft Visual Studio Solution File, Format Version 12.00
# Visual Studio Version 17
VisualStudioVersion = 17.0.31903.59
MinimumVisualStudioVersion = 10.0.40219.1
Project("{2150E333-8FDC-42A3-9474-1A3956D46DE8}") = "src", "src", "{827E0CD3-B72D-47B6-A68D-7590B98EB39B}"
EndProject
Project("{FAE04EC0-301F-11D3-BF4B-00C04F79EFBC}") = "ClipDwg", "src\ClipDwg\ClipDwg.csproj", "{41B21698-75D8-419D-8472-12B3142B74C9}"
EndProject
Project("{2150E333-8FDC-42A3-9474-1A3956D46DE8}") = "test", "test", "{0C88DD14-F956-CE84-757C-A364CCF449FC}"
EndProject
Project("{FAE04EC0-301F-11D3-BF4B-00C04F79EFBC}") = "ClipDwg.Tests", "test\ClipDwg.Tests\ClipDwg.Tests.csproj", "{D9CBBE8C-18CB-476E-9812-503BBCCD72BF}"
EndProject
Project("{FAE04EC0-301F-11D3-BF4B-00C04F79EFBC}") = "ClipDwg.Core", "src\ClipDwg.Core\ClipDwg.Core.csproj", "{CE40A18A-2170-4D33-8B7F-0CD0A130CD8A}"
EndProject
Global
	GlobalSection(SolutionConfigurationPlatforms) = preSolution
		Debug|Any CPU = Debug|Any CPU
		Debug|x64 = Debug|x64
		Debug|x86 = Debug|x86
		Release|Any CPU = Release|Any CPU
		Release|x64 = Release|x64
		Release|x86 = Release|x86
	EndGlobalSection
	GlobalSection(ProjectConfigurationPlatforms) = postSolution
		{41B21698-75D8-419D-8472-12B3142B74C9}.Debug|Any CPU.ActiveCfg = Debug|Any CPU
		{41B21698-75D8-419D-8472-12B3142B74C9}.Debug|Any CPU.Build.0 = Debug|Any CPU
		{41B21698-75D8-419D-8472-12B3142B74C9}.Debug|x64.ActiveCfg = Debug|Any CPU
		{41B21698-75D8-419D-8472-12B3142B74C9}.Debug|x64.Build.0 = Debug|Any CPU
		{41B21698-75D8-419D-8472-12B3142B74C9}.Debug|x86.ActiveCfg = Debug|Any CPU
		{41B21698-75D8-419D-8472-12B3142B74C9}.Debug|x86.Build.0 = Debug|Any CPU
		{41B21698-75D8-419D-8472-12B3142B74C9}.Release|Any CPU.ActiveCfg = Release|Any CPU
		{41B21698-75D8-419D-8472-12B3142B74C9}.Release|Any CPU.Build.0 = Release|Any CPU
		{41B21698-75D8-419D-8472-12B3142B74C9}.Release|x64.ActiveCfg = Release|Any CPU
		{41B21698-75D8-419D-8472-12B3142B74C9}.Release|x64.Build.0 = Release|Any CPU
		{41B21698-75D8-419D-8472-12B3142B74C9}.Release|x86.ActiveCfg = Release|Any CPU
		{41B21698-75D8-419D-8472-12B3142B74C9}.Release|x86.Build.0 = Release|Any CPU
		{D9CBBE8C-18CB-476E-9812-503BBCCD72BF}.Debug|Any CPU.ActiveCfg = Debug|Any CPU
		{D9CBBE8C-18CB-476E-9812-503BBCCD72BF}.Debug|Any CPU.Build.0 = Debug|Any CPU
		{D9CBBE8C-18CB-476E-9812-503BBCCD72BF}.Debug|x64.ActiveCfg = Debug|Any CPU
		{D9CBBE8C-18CB-476E-9812-503BBCCD72BF}.Debug|x64.Build.0 = Debug|Any CPU
		{D9CBBE8C-18CB-476E-9812-503BBCCD72BF}.Debug|x86.ActiveCfg = Debug|Any CPU
		{D9CBBE8C-18CB-476E-9812-503BBCCD72BF}.Debug|x86.Build.0 = Debug|Any CPU
		{D9CBBE8C-18CB-476E-9812-503BBCCD72BF}.Release|Any CPU.ActiveCfg = Release|Any CPU
		{D9CBBE8C-18CB-476E-9812-503BBCCD72BF}.Release|Any CPU.Build.0 = Release|Any CPU
		{D9CBBE8C-18CB-476E-9812-503BBCCD72BF}.Release|x64.ActiveCfg = Release|Any CPU
		{D9CBBE8C-18CB-476E-9812-503BBCCD72BF}.Release|x64.Build.0 = Release|Any CPU
		{D9CBBE8C-18CB-476E-9812-503BBCCD72BF}.Release|x86.ActiveCfg = Release|Any CPU
		{D9CBBE8C-18CB-476E-9812-503BBCCD72BF}.Release|x86.Build.0 = Release|Any CPU
		{CE40A18A-2170-4D33-8B7F-0CD0A130CD8A}.Debug|Any CPU.ActiveCfg = Debug|Any CPU
		{CE40A18A-2170-4D33-8B7F-0CD0A130CD8A}.Debug|Any CPU.Build.0 = Debug|Any CPU
		{CE40A18A-2170-4D33-8B7F-0CD0A130CD8A}.Debug|x64.ActiveCfg = Debug|Any CPU
		{CE40A18A-2170-4D33-8B7F-0CD0A130CD8A}.Debug|x64.Build.0 = Debug|Any CPU
		{CE40A18A-2170-4D33-8B7F-0CD0A130CD8A}.Debug|x86.ActiveCfg = Debug|Any CPU
		{CE40A18A-2170-4D33-8B7F-0CD0A130CD8A}.Debug|x86.Build.0 = Debug|Any CPU
		{CE40A18A-2170-4D33-8B7F-0CD0A130CD8A}.Release|Any CPU.ActiveCfg = Release|Any CPU
		{CE40A18A-2170-4D33-8B7F-0CD0A130CD8A}.Release|Any CPU.Build.0 = Release|Any CPU
		{CE40A18A-2170-4D33-8B7F-0CD0A130CD8A}.Release|x64.ActiveCfg = Release|Any CPU
		{CE40A18A-2170-4D33-8B7F-0CD0A130CD8A}.Release|x64.Build.0 = Release|Any CPU
		{CE40A18A-2170-4D33-8B7F-0CD0A130CD8A}.Release|x86.ActiveCfg = Release|Any CPU
		{CE40A18A-2170-4D33-8B7F-0CD0A130CD8A}.Release|x86.Build.0 = Release|Any CPU
	EndGlobalSection
	GlobalSection(SolutionProperties) = preSolution
		HideSolutionNode = FALSE
	EndGlobalSection
	GlobalSection(NestedProjects) = preSolution
		{41B21698-75D8-419D-8472-12B3142B74C9} = {827E0CD3-B72D-47B6-A68D-7590B98EB39B}
		{D9CBBE8C-18CB-476E-9812-503BBCCD72BF} = {0C88DD14-F956-CE84-757C-A364CCF449FC}
		{CE40A18A-2170-4D33-8B7F-0CD0A130CD8A} = {827E0CD3-B72D-47B6-A68D-7590B98EB39B}
	EndGlobalSection
EndGlobal
